
Microsoft Visual Studio Solution File, Format Version 12.00
# Visual Studio 2012
Project("{8BC9CEB8-8B4A-11D0-8D11-00A0C91BC942}") = "sf_tile_engine", "sf_tile_engine\sf_tile_engine.vcxproj", "{13873C2A-89DD-4627-B984-1E62BA8B6AD5}"
EndProject
Global
	GlobalSection(SolutionConfigurationPlatforms) = preSolution
		Debug|Win32 = Debug|Win32
		Release|Win32 = Release|Win32
	EndGlobalSection
	GlobalSection(ProjectConfigurationPlatforms) = postSolution
		{13873C2A-89DD-4627-B984-1E62BA8B6AD5}.Debug|Win32.ActiveCfg = Debug|Win32
		{13873C2A-89DD-4627-B984-1E62BA8B6AD5}.Debug|Win32.Build.0 = Debug|Win32
		{13873C2A-89DD-4627-B984-1E62BA8B6AD5}.Release|Win32.ActiveCfg = Release|Win32
		{13873C2A-89DD-4627-B984-1E62BA8B6AD5}.Release|Win32.Build.0 = Release|Win32
	EndGlobalSection
	GlobalSection(SolutionProperties) = preSolution
		HideSolutionNode = FALSE
	EndGlobalSection
EndGlobal
