<?xml version="1.0" encoding="utf-8"?>
<Project ToolsVersion="4.0" xmlns="http://schemas.microsoft.com/developer/msbuild/2003">
  <ItemGroup>
    <Filter Include="TinyXML">
      <UniqueIdentifier>{92c03f48-5711-40d9-b567-43911ddfc332}</UniqueIdentifier>
    </Filter>
    <Filter Include="SfTileEngine">
      <UniqueIdentifier>{ee00c534-f043-4b61-920b-980e80a0bbfb}</UniqueIdentifier>
    </Filter>
    <Filter Include="SfTileEngine\Header Files">
      <UniqueIdentifier>{93995380-89BD-4b04-88EB-625FBE52EBFB}</UniqueIdentifier>
      <Extensions>h;hpp;hxx;hm;inl;inc;xsd</Extensions>
    </Filter>
    <Filter Include="SfTileEngine\Source Files">
      <UniqueIdentifier>{4FC737F1-C7A5-4376-A066-2A32D752A2FF}</UniqueIdentifier>
      <Extensions>cpp;c;cc;cxx;def;odl;idl;hpj;bat;asm;asmx</Extensions>
    </Filter>
    <Filter Include="SfTileEngine\Resource Files">
      <UniqueIdentifier>{67DA6AB6-F800-4c08-8B7A-83BB121AAD01}</UniqueIdentifier>
      <Extensions>rc;ico;cur;bmp;dlg;rc2;rct;bin;rgs;gif;jpg;jpeg;jpe;resx;tiff;tif;png;wav;mfcribbon-ms</Extensions>
    </Filter>
  </ItemGroup>
  <ItemGroup>
    <ClCompile Include="extlibs\TinyXML\tinyxml2.cpp">
      <Filter>TinyXML</Filter>
    </ClCompile>
    <ClCompile Include="source\SfTileEngine\layer.cpp">
      <Filter>SfTileEngine\Source Files</Filter>
    </ClCompile>
    <ClCompile Include="source\SfTileEngine\camera.cpp">
      <Filter>SfTileEngine\Source Files</Filter>
    </ClCompile>
    <ClCompile Include="source\SfTileEngine\object.cpp">
      <Filter>SfTileEngine\Source Files</Filter>
    </ClCompile>
    <ClCompile Include="source\SfTileEngine\entity.cpp">
      <Filter>SfTileEngine\Source Files</Filter>
    </ClCompile>
    <ClCompile Include="source\SfTileEngine\object_layer.cpp">
      <Filter>SfTileEngine\Source Files</Filter>
    </ClCompile>
    <ClCompile Include="source\SfTileEngine\tile.cpp">
      <Filter>SfTileEngine\Source Files</Filter>
    </ClCompile>
    <ClCompile Include="source\SfTileEngine\smart_camera.cpp">
      <Filter>SfTileEngine\Source Files</Filter>
    </ClCompile>
    <ClCompile Include="source\SfTileEngine\tile_layer.cpp">
      <Filter>SfTileEngine\Source Files</Filter>
    </ClCompile>
    <ClCompile Include="source\SfTileEngine\tilemap_loader.cpp">
      <Filter>SfTileEngine\Source Files</Filter>
    </ClCompile>
    <ClCompile Include="source\SfTileEngine\tilemap.cpp">
      <Filter>SfTileEngine\Source Files</Filter>
    </ClCompile>
    <ClCompile Include="source\SfTileEngine\tileset.cpp">
      <Filter>SfTileEngine\Source Files</Filter>
    </ClCompile>
    <ClCompile Include="source\SfTileEngine\world.cpp">
      <Filter>SfTileEngine\Source Files</Filter>
    </ClCompile>
  </ItemGroup>
  <ItemGroup>
    <ClInclude Include="extlibs\TinyXML\tinyxml2.h">
      <Filter>TinyXML</Filter>
    </ClInclude>
    <ClInclude Include="include\SfTileEngine\camera.h">
      <Filter>SfTileEngine\Header Files</Filter>
    </ClInclude>
    <ClInclude Include="include\SfTileEngine\dll_macro.h">
      <Filter>SfTileEngine\Header Files</Filter>
    </ClInclude>
    <ClInclude Include="include\SfTileEngine\entity.h">
      <Filter>SfTileEngine\Header Files</Filter>
    </ClInclude>
    <ClInclude Include="include\SfTileEngine\layer.h">
      <Filter>SfTileEngine\Header Files</Filter>
    </ClInclude>
    <ClInclude Include="include\SfTileEngine\object.h">
      <Filter>SfTileEngine\Header Files</Filter>
    </ClInclude>
    <ClInclude Include="include\SfTileEngine\object_layer.h">
      <Filter>SfTileEngine\Header Files</Filter>
    </ClInclude>
    <ClInclude Include="include\SfTileEngine\smart_camera.h">
      <Filter>SfTileEngine\Header Files</Filter>
    </ClInclude>
    <ClInclude Include="include\SfTileEngine\tile.h">
      <Filter>SfTileEngine\Header Files</Filter>
    </ClInclude>
    <ClInclude Include="include\tile_engine.h">
      <Filter>SfTileEngine\Header Files</Filter>
    </ClInclude>
    <ClInclude Include="include\SfTileEngine\tile_layer.h">
      <Filter>SfTileEngine\Header Files</Filter>
    </ClInclude>
    <ClInclude Include="include\SfTileEngine\tilemap.h">
      <Filter>SfTileEngine\Header Files</Filter>
    </ClInclude>
    <ClInclude Include="include\SfTileEngine\tilemap_loader.h">
      <Filter>SfTileEngine\Header Files</Filter>
    </ClInclude>
    <ClInclude Include="include\SfTileEngine\tileset.h">
      <Filter>SfTileEngine\Header Files</Filter>
    </ClInclude>
    <ClInclude Include="include\SfTileEngine\world.h">
      <Filter>SfTileEngine\Header Files</Filter>
    </ClInclude>
  </ItemGroup>
</Project>